
Microsoft Visual Studio Solution File, Format Version 12.00
# Visual Studio Version 17
VisualStudioVersion = 17.4.33213.308
MinimumVisualStudioVersion = 10.0.40219.1
Project("{FAE04EC0-301F-11D3-BF4B-00C04F79EFBC}") = "asyncAwait_PW", "asyncAwait_PW\asyncAwait_PW.csproj", "{776881CD-93E5-4D9F-AEF3-B514FEEEB6FF}"
EndProject
Global
	GlobalSection(SolutionConfigurationPlatforms) = preSolution
		Debug|Any CPU = Debug|Any CPU
		Release|Any CPU = Release|Any CPU
	EndGlobalSection
	GlobalSection(ProjectConfigurationPlatforms) = postSolution
		{776881CD-93E5-4D9F-AEF3-B514FEEEB6FF}.Debug|Any CPU.ActiveCfg = Debug|Any CPU
		{776881CD-93E5-4D9F-AEF3-B514FEEEB6FF}.Debug|Any CPU.Build.0 = Debug|Any CPU
		{776881CD-93E5-4D9F-AEF3-B514FEEEB6FF}.Release|Any CPU.ActiveCfg = Release|Any CPU
		{776881CD-93E5-4D9F-AEF3-B514FEEEB6FF}.Release|Any CPU.Build.0 = Release|Any CPU
	EndGlobalSection
	GlobalSection(SolutionProperties) = preSolution
		HideSolutionNode = FALSE
	EndGlobalSection
	GlobalSection(ExtensibilityGlobals) = postSolution
		SolutionGuid = {37FF6FC8-44F8-439C-B292-D83C76D32A44}
	EndGlobalSection
EndGlobal
